
Microsoft Visual Studio Solution File, Format Version 12.00
# Visual Studio Version 17
VisualStudioVersion = 17.6.33723.286
MinimumVisualStudioVersion = 10.0.40219.1
Project("{9A19103F-16F7-4668-BE54-9A1E7A4F7556}") = "Demo.PackageLibrary", "src\Demo.PackageLibrary.csproj", "{39749CDB-D4B8-4690-8C93-F6592837BECC}"
EndProject
Project("{2150E333-8FDC-42A3-9474-1A3956D46DE8}") = "tests", "tests", "{646E3414-3FAB-41C6-922D-4750C806D63D}"
EndProject
Project("{9A19103F-16F7-4668-BE54-9A1E7A4F7556}") = "Demo.PackageLibrary.Integration.Tests", "tests\integration\Demo.PackageLibrary.Integration.Tests.csproj", "{61469254-D9BE-4FD8-9EF1-95814A00373D}"
EndProject
Project("{9A19103F-16F7-4668-BE54-9A1E7A4F7556}") = "Demo.PackageLibrary.Unit.Tests", "tests\unit\Demo.PackageLibrary.Unit.Tests.csproj", "{A640119F-747F-421A-ACE5-F4C94F086757}"
EndProject
Project("{2150E333-8FDC-42A3-9474-1A3956D46DE8}") = "integration", "integration", "{4B8CC534-0F37-428B-84B5-47CDB0AE7246}"
EndProject
Project("{2150E333-8FDC-42A3-9474-1A3956D46DE8}") = "unit", "unit", "{24FBCCEB-65D5-42D4-82EB-2379264ECE67}"
EndProject
Global
	GlobalSection(SolutionConfigurationPlatforms) = preSolution
		Debug|Any CPU = Debug|Any CPU
		Debug|x64 = Debug|x64
		Release|Any CPU = Release|Any CPU
		Release|x64 = Release|x64
	EndGlobalSection
	GlobalSection(ProjectConfigurationPlatforms) = postSolution
		{39749CDB-D4B8-4690-8C93-F6592837BECC}.Debug|Any CPU.ActiveCfg = Debug|Any CPU
		{39749CDB-D4B8-4690-8C93-F6592837BECC}.Debug|Any CPU.Build.0 = Debug|Any CPU
		{39749CDB-D4B8-4690-8C93-F6592837BECC}.Debug|x64.ActiveCfg = Debug|Any CPU
		{39749CDB-D4B8-4690-8C93-F6592837BECC}.Debug|x64.Build.0 = Debug|Any CPU
		{39749CDB-D4B8-4690-8C93-F6592837BECC}.Release|Any CPU.ActiveCfg = Release|Any CPU
		{39749CDB-D4B8-4690-8C93-F6592837BECC}.Release|Any CPU.Build.0 = Release|Any CPU
		{39749CDB-D4B8-4690-8C93-F6592837BECC}.Release|x64.ActiveCfg = Release|Any CPU
		{39749CDB-D4B8-4690-8C93-F6592837BECC}.Release|x64.Build.0 = Release|Any CPU
		{61469254-D9BE-4FD8-9EF1-95814A00373D}.Debug|Any CPU.ActiveCfg = Debug|Any CPU
		{61469254-D9BE-4FD8-9EF1-95814A00373D}.Debug|Any CPU.Build.0 = Debug|Any CPU
		{61469254-D9BE-4FD8-9EF1-95814A00373D}.Debug|x64.ActiveCfg = Debug|Any CPU
		{61469254-D9BE-4FD8-9EF1-95814A00373D}.Debug|x64.Build.0 = Debug|Any CPU
		{61469254-D9BE-4FD8-9EF1-95814A00373D}.Release|Any CPU.ActiveCfg = Release|Any CPU
		{61469254-D9BE-4FD8-9EF1-95814A00373D}.Release|Any CPU.Build.0 = Release|Any CPU
		{61469254-D9BE-4FD8-9EF1-95814A00373D}.Release|x64.ActiveCfg = Release|Any CPU
		{61469254-D9BE-4FD8-9EF1-95814A00373D}.Release|x64.Build.0 = Release|Any CPU
		{A640119F-747F-421A-ACE5-F4C94F086757}.Debug|Any CPU.ActiveCfg = Debug|Any CPU
		{A640119F-747F-421A-ACE5-F4C94F086757}.Debug|Any CPU.Build.0 = Debug|Any CPU
		{A640119F-747F-421A-ACE5-F4C94F086757}.Debug|x64.ActiveCfg = Debug|Any CPU
		{A640119F-747F-421A-ACE5-F4C94F086757}.Debug|x64.Build.0 = Debug|Any CPU
		{A640119F-747F-421A-ACE5-F4C94F086757}.Release|Any CPU.ActiveCfg = Release|Any CPU
		{A640119F-747F-421A-ACE5-F4C94F086757}.Release|Any CPU.Build.0 = Release|Any CPU
		{A640119F-747F-421A-ACE5-F4C94F086757}.Release|x64.ActiveCfg = Release|Any CPU
		{A640119F-747F-421A-ACE5-F4C94F086757}.Release|x64.Build.0 = Release|Any CPU
	EndGlobalSection
	GlobalSection(SolutionProperties) = preSolution
		HideSolutionNode = FALSE
	EndGlobalSection
	GlobalSection(NestedProjects) = preSolution
		{61469254-D9BE-4FD8-9EF1-95814A00373D} = {4B8CC534-0F37-428B-84B5-47CDB0AE7246}
		{A640119F-747F-421A-ACE5-F4C94F086757} = {24FBCCEB-65D5-42D4-82EB-2379264ECE67}
		{4B8CC534-0F37-428B-84B5-47CDB0AE7246} = {646E3414-3FAB-41C6-922D-4750C806D63D}
		{24FBCCEB-65D5-42D4-82EB-2379264ECE67} = {646E3414-3FAB-41C6-922D-4750C806D63D}
	EndGlobalSection
EndGlobal
